
Microsoft Visual Studio Solution File, Format Version 11.00
# Visual Studio 2010
Project("{FAE04EC0-301F-11D3-BF4B-00C04F79EFBC}") = "MonoTouch.Dialog.PickerElement", "MonoTouch.Dialog.PickerElement\MonoTouch.Dialog.PickerElement.csproj", "{1D6E5DB1-9F1E-432E-98FC-E45453688661}"
EndProject
Project("{FAE04EC0-301F-11D3-BF4B-00C04F79EFBC}") = "MonoTouch.Dialog", "..\MonoTouch.Dialog\MonoTouch.Dialog\MonoTouch.Dialog.csproj", "{3FFBFFF8-5560-4EDE-82E5-3FFDFBBA8A50}"
EndProject
Project("{FAE04EC0-301F-11D3-BF4B-00C04F79EFBC}") = "Sample", "Sample\Sample.csproj", "{B9619B6A-92B8-4E5E-AB01-C0E0C33E5618}"
EndProject
Global
	GlobalSection(SolutionConfigurationPlatforms) = preSolution
		Debug|Any CPU = Debug|Any CPU
		Release|Any CPU = Release|Any CPU
		Debug|iPhoneSimulator = Debug|iPhoneSimulator
		Release|iPhoneSimulator = Release|iPhoneSimulator
		AdHoc|iPhoneSimulator = AdHoc|iPhoneSimulator
		AppStore|iPhoneSimulator = AppStore|iPhoneSimulator
		Debug|iPhone = Debug|iPhone
		Release|iPhone = Release|iPhone
		AdHoc|iPhone = AdHoc|iPhone
		AppStore|iPhone = AppStore|iPhone
	EndGlobalSection
	GlobalSection(ProjectConfigurationPlatforms) = postSolution
		{1D6E5DB1-9F1E-432E-98FC-E45453688661}.Debug|Any CPU.ActiveCfg = Debug|Any CPU
		{1D6E5DB1-9F1E-432E-98FC-E45453688661}.Debug|Any CPU.Build.0 = Debug|Any CPU
		{1D6E5DB1-9F1E-432E-98FC-E45453688661}.Release|Any CPU.ActiveCfg = Release|Any CPU
		{1D6E5DB1-9F1E-432E-98FC-E45453688661}.Release|Any CPU.Build.0 = Release|Any CPU
		{3FFBFFF8-5560-4EDE-82E5-3FFDFBBA8A50}.AdHoc|iPhone.ActiveCfg = AdHoc|iPhone
		{3FFBFFF8-5560-4EDE-82E5-3FFDFBBA8A50}.AdHoc|iPhone.Build.0 = AdHoc|iPhone
		{3FFBFFF8-5560-4EDE-82E5-3FFDFBBA8A50}.AdHoc|iPhoneSimulator.ActiveCfg = AdHoc|iPhoneSimulator
		{3FFBFFF8-5560-4EDE-82E5-3FFDFBBA8A50}.AdHoc|iPhoneSimulator.Build.0 = AdHoc|iPhoneSimulator
		{3FFBFFF8-5560-4EDE-82E5-3FFDFBBA8A50}.AppStore|iPhone.ActiveCfg = AppStore|iPhone
		{3FFBFFF8-5560-4EDE-82E5-3FFDFBBA8A50}.AppStore|iPhone.Build.0 = AppStore|iPhone
		{3FFBFFF8-5560-4EDE-82E5-3FFDFBBA8A50}.AppStore|iPhoneSimulator.ActiveCfg = AppStore|iPhoneSimulator
		{3FFBFFF8-5560-4EDE-82E5-3FFDFBBA8A50}.AppStore|iPhoneSimulator.Build.0 = AppStore|iPhoneSimulator
		{3FFBFFF8-5560-4EDE-82E5-3FFDFBBA8A50}.Debug|Any CPU.ActiveCfg = Debug|iPhoneSimulator
		{3FFBFFF8-5560-4EDE-82E5-3FFDFBBA8A50}.Debug|Any CPU.Build.0 = Debug|iPhoneSimulator
		{3FFBFFF8-5560-4EDE-82E5-3FFDFBBA8A50}.Debug|iPhone.ActiveCfg = Debug|iPhone
		{3FFBFFF8-5560-4EDE-82E5-3FFDFBBA8A50}.Debug|iPhone.Build.0 = Debug|iPhone
		{3FFBFFF8-5560-4EDE-82E5-3FFDFBBA8A50}.Debug|iPhoneSimulator.ActiveCfg = Debug|iPhoneSimulator
		{3FFBFFF8-5560-4EDE-82E5-3FFDFBBA8A50}.Debug|iPhoneSimulator.Build.0 = Debug|iPhoneSimulator
		{3FFBFFF8-5560-4EDE-82E5-3FFDFBBA8A50}.Release|Any CPU.ActiveCfg = Release|iPhoneSimulator
		{3FFBFFF8-5560-4EDE-82E5-3FFDFBBA8A50}.Release|Any CPU.Build.0 = Release|iPhoneSimulator
		{3FFBFFF8-5560-4EDE-82E5-3FFDFBBA8A50}.Release|iPhone.ActiveCfg = Release|iPhone
		{3FFBFFF8-5560-4EDE-82E5-3FFDFBBA8A50}.Release|iPhone.Build.0 = Release|iPhone
		{3FFBFFF8-5560-4EDE-82E5-3FFDFBBA8A50}.Release|iPhoneSimulator.ActiveCfg = Release|iPhoneSimulator
		{3FFBFFF8-5560-4EDE-82E5-3FFDFBBA8A50}.Release|iPhoneSimulator.Build.0 = Release|iPhoneSimulator
		{B9619B6A-92B8-4E5E-AB01-C0E0C33E5618}.AdHoc|iPhone.ActiveCfg = Debug|iPhone
		{B9619B6A-92B8-4E5E-AB01-C0E0C33E5618}.AdHoc|iPhone.Build.0 = Debug|iPhone
		{B9619B6A-92B8-4E5E-AB01-C0E0C33E5618}.AdHoc|iPhoneSimulator.ActiveCfg = Debug|iPhoneSimulator
		{B9619B6A-92B8-4E5E-AB01-C0E0C33E5618}.AdHoc|iPhoneSimulator.Build.0 = Debug|iPhoneSimulator
		{B9619B6A-92B8-4E5E-AB01-C0E0C33E5618}.AppStore|iPhone.ActiveCfg = Debug|iPhone
		{B9619B6A-92B8-4E5E-AB01-C0E0C33E5618}.AppStore|iPhone.Build.0 = Debug|iPhone
		{B9619B6A-92B8-4E5E-AB01-C0E0C33E5618}.AppStore|iPhoneSimulator.ActiveCfg = Debug|iPhoneSimulator
		{B9619B6A-92B8-4E5E-AB01-C0E0C33E5618}.AppStore|iPhoneSimulator.Build.0 = Debug|iPhoneSimulator
		{B9619B6A-92B8-4E5E-AB01-C0E0C33E5618}.Debug|Any CPU.ActiveCfg = Debug|iPhoneSimulator
		{B9619B6A-92B8-4E5E-AB01-C0E0C33E5618}.Debug|Any CPU.Build.0 = Debug|iPhoneSimulator
		{B9619B6A-92B8-4E5E-AB01-C0E0C33E5618}.Debug|iPhone.ActiveCfg = Debug|iPhone
		{B9619B6A-92B8-4E5E-AB01-C0E0C33E5618}.Debug|iPhone.Build.0 = Debug|iPhone
		{B9619B6A-92B8-4E5E-AB01-C0E0C33E5618}.Debug|iPhoneSimulator.ActiveCfg = Debug|iPhoneSimulator
		{B9619B6A-92B8-4E5E-AB01-C0E0C33E5618}.Debug|iPhoneSimulator.Build.0 = Debug|iPhoneSimulator
		{B9619B6A-92B8-4E5E-AB01-C0E0C33E5618}.Release|Any CPU.ActiveCfg = Release|iPhoneSimulator
		{B9619B6A-92B8-4E5E-AB01-C0E0C33E5618}.Release|Any CPU.Build.0 = Release|iPhoneSimulator
		{B9619B6A-92B8-4E5E-AB01-C0E0C33E5618}.Release|iPhone.ActiveCfg = Release|iPhone
		{B9619B6A-92B8-4E5E-AB01-C0E0C33E5618}.Release|iPhone.Build.0 = Release|iPhone
		{B9619B6A-92B8-4E5E-AB01-C0E0C33E5618}.Release|iPhoneSimulator.ActiveCfg = Release|iPhoneSimulator
		{B9619B6A-92B8-4E5E-AB01-C0E0C33E5618}.Release|iPhoneSimulator.Build.0 = Release|iPhoneSimulator
	EndGlobalSection
	GlobalSection(MonoDevelopProperties) = preSolution
		StartupItem = Sample\Sample.csproj
	EndGlobalSection
EndGlobal
